// !$*UTF8*$!
{
	archiveVersion = 1;
	classes = {
	};
	objectVersion = 46;
	objects = {

/* Begin PBXBuildFile section */
		034299B11A89AA45006AA4C3 /* AppDelegate.swift in Sources */ = {isa = PBXBuildFile; fileRef = 034299B01A89AA45006AA4C3 /* AppDelegate.swift */; };
		034299B31A89AA45006AA4C3 /* ViewController.swift in Sources */ = {isa = PBXBuildFile; fileRef = 034299B21A89AA45006AA4C3 /* ViewController.swift */; };
		034299B61A89AA45006AA4C3 /* Main.storyboard in Resources */ = {isa = PBXBuildFile; fileRef = 034299B41A89AA45006AA4C3 /* Main.storyboard */; };
		034299B81A89AA45006AA4C3 /* Images.xcassets in Resources */ = {isa = PBXBuildFile; fileRef = 034299B71A89AA45006AA4C3 /* Images.xcassets */; };
		034299BB1A89AA45006AA4C3 /* LaunchScreen.xib in Resources */ = {isa = PBXBuildFile; fileRef = 034299B91A89AA45006AA4C3 /* LaunchScreen.xib */; };
		034299C71A89AA45006AA4C3 /* yelpTests.swift in Sources */ = {isa = PBXBuildFile; fileRef = 034299C61A89AA45006AA4C3 /* yelpTests.swift */; };
		034299D11A89ADE3006AA4C3 /* RestaurantTableViewCell.swift in Sources */ = {isa = PBXBuildFile; fileRef = 034299D01A89ADE3006AA4C3 /* RestaurantTableViewCell.swift */; };
		034299D61A89B8E5006AA4C3 /* YelpClient.swift in Sources */ = {isa = PBXBuildFile; fileRef = 034299D51A89B8E5006AA4C3 /* YelpClient.swift */; };
		038086181A89CE23009417ED /* Restaurant.swift in Sources */ = {isa = PBXBuildFile; fileRef = 038086171A89CE23009417ED /* Restaurant.swift */; };
		EED45C7B5232ED35A86AB214 /* libPods-yelp.a in Frameworks */ = {isa = PBXBuildFile; fileRef = B8B136282E5587A3ECDE9F25 /* libPods-yelp.a */; };
/* End PBXBuildFile section */

/* Begin PBXContainerItemProxy section */
		034299C11A89AA45006AA4C3 /* PBXContainerItemProxy */ = {
			isa = PBXContainerItemProxy;
			containerPortal = 034299A31A89AA45006AA4C3 /* Project object */;
			proxyType = 1;
			remoteGlobalIDString = 034299AA1A89AA45006AA4C3;
			remoteInfo = yelp;
		};
/* End PBXContainerItemProxy section */

/* Begin PBXFileReference section */
		034299AB1A89AA45006AA4C3 /* yelp.app */ = {isa = PBXFileReference; explicitFileType = wrapper.application; includeInIndex = 0; path = yelp.app; sourceTree = BUILT_PRODUCTS_DIR; };
		034299AF1A89AA45006AA4C3 /* Info.plist */ = {isa = PBXFileReference; lastKnownFileType = text.plist.xml; path = Info.plist; sourceTree = "<group>"; };
		034299B01A89AA45006AA4C3 /* AppDelegate.swift */ = {isa = PBXFileReference; lastKnownFileType = sourcecode.swift; path = AppDelegate.swift; sourceTree = "<group>"; };
		034299B21A89AA45006AA4C3 /* ViewController.swift */ = {isa = PBXFileReference; lastKnownFileType = sourcecode.swift; path = ViewController.swift; sourceTree = "<group>"; };
		034299B51A89AA45006AA4C3 /* Base */ = {isa = PBXFileReference; lastKnownFileType = file.storyboard; name = Base; path = Base.lproj/Main.storyboard; sourceTree = "<group>"; };
		034299B71A89AA45006AA4C3 /* Images.xcassets */ = {isa = PBXFileReference; lastKnownFileType = folder.assetcatalog; path = Images.xcassets; sourceTree = "<group>"; };
		034299BA1A89AA45006AA4C3 /* Base */ = {isa = PBXFileReference; lastKnownFileType = file.xib; name = Base; path = Base.lproj/LaunchScreen.xib; sourceTree = "<group>"; };
		034299C01A89AA45006AA4C3 /* yelpTests.xctest */ = {isa = PBXFileReference; explicitFileType = wrapper.cfbundle; includeInIndex = 0; path = yelpTests.xctest; sourceTree = BUILT_PRODUCTS_DIR; };
		034299C51A89AA45006AA4C3 /* Info.plist */ = {isa = PBXFileReference; lastKnownFileType = text.plist.xml; path = Info.plist; sourceTree = "<group>"; };
		034299C61A89AA45006AA4C3 /* yelpTests.swift */ = {isa = PBXFileReference; lastKnownFileType = sourcecode.swift; path = yelpTests.swift; sourceTree = "<group>"; };
		034299D01A89ADE3006AA4C3 /* RestaurantTableViewCell.swift */ = {isa = PBXFileReference; fileEncoding = 4; lastKnownFileType = sourcecode.swift; path = RestaurantTableViewCell.swift; sourceTree = "<group>"; };
		034299D21A89B721006AA4C3 /* yelp-Bridging-Header.h */ = {isa = PBXFileReference; lastKnownFileType = sourcecode.c.h; path = "yelp-Bridging-Header.h"; sourceTree = "<group>"; };
		034299D51A89B8E5006AA4C3 /* YelpClient.swift */ = {isa = PBXFileReference; fileEncoding = 4; lastKnownFileType = sourcecode.swift; path = YelpClient.swift; sourceTree = "<group>"; };
		038086171A89CE23009417ED /* Restaurant.swift */ = {isa = PBXFileReference; fileEncoding = 4; lastKnownFileType = sourcecode.swift; path = Restaurant.swift; sourceTree = "<group>"; };
		211F0B7D76A021566BECA848 /* Pods-yelp.debug.xcconfig */ = {isa = PBXFileReference; includeInIndex = 1; lastKnownFileType = text.xcconfig; name = "Pods-yelp.debug.xcconfig"; path = "Pods/Target Support Files/Pods-yelp/Pods-yelp.debug.xcconfig"; sourceTree = "<group>"; };
		B8B136282E5587A3ECDE9F25 /* libPods-yelp.a */ = {isa = PBXFileReference; explicitFileType = archive.ar; includeInIndex = 0; path = "libPods-yelp.a"; sourceTree = BUILT_PRODUCTS_DIR; };
		E00D7DB247F4D3B6B04B3B76 /* Pods-yelp.release.xcconfig */ = {isa = PBXFileReference; includeInIndex = 1; lastKnownFileType = text.xcconfig; name = "Pods-yelp.release.xcconfig"; path = "Pods/Target Support Files/Pods-yelp/Pods-yelp.release.xcconfig"; sourceTree = "<group>"; };
/* End PBXFileReference section */

/* Begin PBXFrameworksBuildPhase section */
		034299A81A89AA45006AA4C3 /* Frameworks */ = {
			isa = PBXFrameworksBuildPhase;
			buildActionMask = 2147483647;
			files = (
				EED45C7B5232ED35A86AB214 /* libPods-yelp.a in Frameworks */,
			);
			runOnlyForDeploymentPostprocessing = 0;
		};
		034299BD1A89AA45006AA4C3 /* Frameworks */ = {
			isa = PBXFrameworksBuildPhase;
			buildActionMask = 2147483647;
			files = (
			);
			runOnlyForDeploymentPostprocessing = 0;
		};
/* End PBXFrameworksBuildPhase section */

/* Begin PBXGroup section */
		034299A21A89AA45006AA4C3 = {
			isa = PBXGroup;
			children = (
				034299AD1A89AA45006AA4C3 /* yelp */,
				034299C31A89AA45006AA4C3 /* yelpTests */,
				034299AC1A89AA45006AA4C3 /* Products */,
				2D9311B8B9084066B75F7509 /* Pods */,
				DF78602859A52692DD728DAF /* Frameworks */,
			);
			sourceTree = "<group>";
		};
		034299AC1A89AA45006AA4C3 /* Products */ = {
			isa = PBXGroup;
			children = (
				034299AB1A89AA45006AA4C3 /* yelp.app */,
				034299C01A89AA45006AA4C3 /* yelpTests.xctest */,
			);
			name = Products;
			sourceTree = "<group>";
		};
		034299AD1A89AA45006AA4C3 /* yelp */ = {
			isa = PBXGroup;
			children = (
				034299B41A89AA45006AA4C3 /* Main.storyboard */,
				034299B21A89AA45006AA4C3 /* ViewController.swift */,
				034299D01A89ADE3006AA4C3 /* RestaurantTableViewCell.swift */,
				034299D51A89B8E5006AA4C3 /* YelpClient.swift */,
				038086171A89CE23009417ED /* Restaurant.swift */,
				034299AE1A89AA45006AA4C3 /* Supporting Files */,
			);
			path = yelp;
			sourceTree = "<group>";
		};
		034299AE1A89AA45006AA4C3 /* Supporting Files */ = {
			isa = PBXGroup;
			children = (
				034299D21A89B721006AA4C3 /* yelp-Bridging-Header.h */,
				034299B91A89AA45006AA4C3 /* LaunchScreen.xib */,
				034299B71A89AA45006AA4C3 /* Images.xcassets */,
				034299B01A89AA45006AA4C3 /* AppDelegate.swift */,
				034299AF1A89AA45006AA4C3 /* Info.plist */,
			);
			name = "Supporting Files";
			sourceTree = "<group>";
		};
		034299C31A89AA45006AA4C3 /* yelpTests */ = {
			isa = PBXGroup;
			children = (
				034299C61A89AA45006AA4C3 /* yelpTests.swift */,
				034299C41A89AA45006AA4C3 /* Supporting Files */,
			);
			path = yelpTests;
			sourceTree = "<group>";
		};
		034299C41A89AA45006AA4C3 /* Supporting Files */ = {
			isa = PBXGroup;
			children = (
				034299C51A89AA45006AA4C3 /* Info.plist */,
			);
			name = "Supporting Files";
			sourceTree = "<group>";
		};
		2D9311B8B9084066B75F7509 /* Pods */ = {
			isa = PBXGroup;
			children = (
				211F0B7D76A021566BECA848 /* Pods-yelp.debug.xcconfig */,
				E00D7DB247F4D3B6B04B3B76 /* Pods-yelp.release.xcconfig */,
			);
			name = Pods;
			sourceTree = "<group>";
		};
		DF78602859A52692DD728DAF /* Frameworks */ = {
			isa = PBXGroup;
			children = (
				B8B136282E5587A3ECDE9F25 /* libPods-yelp.a */,
			);
			name = Frameworks;
			sourceTree = "<group>";
		};
/* End PBXGroup section */

/* Begin PBXNativeTarget section */
		034299AA1A89AA45006AA4C3 /* yelp */ = {
			isa = PBXNativeTarget;
			buildConfigurationList = 034299CA1A89AA45006AA4C3 /* Build configuration list for PBXNativeTarget "yelp" */;
			buildPhases = (
				96AAD4CF5DD4B181B9D3D973 /* Check Pods Manifest.lock */,
				034299A71A89AA45006AA4C3 /* Sources */,
				034299A81A89AA45006AA4C3 /* Frameworks */,
				034299A91A89AA45006AA4C3 /* Resources */,
				7E677AD08AD1C5EDBF50443D /* Copy Pods Resources */,
			);
			buildRules = (
			);
			dependencies = (
			);
			name = yelp;
			productName = yelp;
			productReference = 034299AB1A89AA45006AA4C3 /* yelp.app */;
			productType = "com.apple.product-type.application";
		};
		034299BF1A89AA45006AA4C3 /* yelpTests */ = {
			isa = PBXNativeTarget;
			buildConfigurationList = 034299CD1A89AA45006AA4C3 /* Build configuration list for PBXNativeTarget "yelpTests" */;
			buildPhases = (
				034299BC1A89AA45006AA4C3 /* Sources */,
				034299BD1A89AA45006AA4C3 /* Frameworks */,
				034299BE1A89AA45006AA4C3 /* Resources */,
			);
			buildRules = (
			);
			dependencies = (
				034299C21A89AA45006AA4C3 /* PBXTargetDependency */,
			);
			name = yelpTests;
			productName = yelpTests;
			productReference = 034299C01A89AA45006AA4C3 /* yelpTests.xctest */;
			productType = "com.apple.product-type.bundle.unit-test";
		};
/* End PBXNativeTarget section */

/* Begin PBXProject section */
		034299A31A89AA45006AA4C3 /* Project object */ = {
			isa = PBXProject;
			attributes = {
				LastUpgradeCheck = 0610;
				ORGANIZATIONNAME = "Frustrated Inc.";
				TargetAttributes = {
					034299AA1A89AA45006AA4C3 = {
						CreatedOnToolsVersion = 6.1.1;
					};
					034299BF1A89AA45006AA4C3 = {
						CreatedOnToolsVersion = 6.1.1;
						TestTargetID = 034299AA1A89AA45006AA4C3;
					};
				};
			};
			buildConfigurationList = 034299A61A89AA45006AA4C3 /* Build configuration list for PBXProject "yelp" */;
			compatibilityVersion = "Xcode 3.2";
			developmentRegion = English;
			hasScannedForEncodings = 0;
			knownRegions = (
				en,
				Base,
			);
			mainGroup = 034299A21A89AA45006AA4C3;
			productRefGroup = 034299AC1A89AA45006AA4C3 /* Products */;
			projectDirPath = "";
			projectRoot = "";
			targets = (
				034299AA1A89AA45006AA4C3 /* yelp */,
				034299BF1A89AA45006AA4C3 /* yelpTests */,
			);
		};
/* End PBXProject section */

/* Begin PBXResourcesBuildPhase section */
		034299A91A89AA45006AA4C3 /* Resources */ = {
			isa = PBXResourcesBuildPhase;
			buildActionMask = 2147483647;
			files = (
				034299B61A89AA45006AA4C3 /* Main.storyboard in Resources */,
				034299BB1A89AA45006AA4C3 /* LaunchScreen.xib in Resources */,
				034299B81A89AA45006AA4C3 /* Images.xcassets in Resources */,
			);
			runOnlyForDeploymentPostprocessing = 0;
		};
		034299BE1A89AA45006AA4C3 /* Resources */ = {
			isa = PBXResourcesBuildPhase;
			buildActionMask = 2147483647;
			files = (
			);
			runOnlyForDeploymentPostprocessing = 0;
		};
/* End PBXResourcesBuildPhase section */

/* Begin PBXShellScriptBuildPhase section */
		7E677AD08AD1C5EDBF50443D /* Copy Pods Resources */ = {
			isa = PBXShellScriptBuildPhase;
			buildActionMask = 2147483647;
			files = (
			);
			inputPaths = (
			);
			name = "Copy Pods Resources";
			outputPaths = (
			);
			runOnlyForDeploymentPostprocessing = 0;
			shellPath = /bin/sh;
			shellScript = "\"${SRCROOT}/Pods/Target Support Files/Pods-yelp/Pods-yelp-resources.sh\"\n";
			showEnvVarsInLog = 0;
		};
		96AAD4CF5DD4B181B9D3D973 /* Check Pods Manifest.lock */ = {
			isa = PBXShellScriptBuildPhase;
			buildActionMask = 2147483647;
			files = (
			);
			inputPaths = (
			);
			name = "Check Pods Manifest.lock";
			outputPaths = (
			);
			runOnlyForDeploymentPostprocessing = 0;
			shellPath = /bin/sh;
			shellScript = "diff \"${PODS_ROOT}/../Podfile.lock\" \"${PODS_ROOT}/Manifest.lock\" > /dev/null\nif [[ $? != 0 ]] ; then\n    cat << EOM\nerror: The sandbox is not in sync with the Podfile.lock. Run 'pod install' or update your CocoaPods installation.\nEOM\n    exit 1\nfi\n";
			showEnvVarsInLog = 0;
		};
/* End PBXShellScriptBuildPhase section */

/* Begin PBXSourcesBuildPhase section */
		034299A71A89AA45006AA4C3 /* Sources */ = {
			isa = PBXSourcesBuildPhase;
			buildActionMask = 2147483647;
			files = (
				038086181A89CE23009417ED /* Restaurant.swift in Sources */,
				034299D61A89B8E5006AA4C3 /* YelpClient.swift in Sources */,
				034299B31A89AA45006AA4C3 /* ViewController.swift in Sources */,
				034299D11A89ADE3006AA4C3 /* RestaurantTableViewCell.swift in Sources */,
				034299B11A89AA45006AA4C3 /* AppDelegate.swift in Sources */,
			);
			runOnlyForDeploymentPostprocessing = 0;
		};
		034299BC1A89AA45006AA4C3 /* Sources */ = {
			isa = PBXSourcesBuildPhase;
			buildActionMask = 2147483647;
			files = (
				034299C71A89AA45006AA4C3 /* yelpTests.swift in Sources */,
			);
			runOnlyForDeploymentPostprocessing = 0;
		};
/* End PBXSourcesBuildPhase section */

/* Begin PBXTargetDependency section */
		034299C21A89AA45006AA4C3 /* PBXTargetDependency */ = {
			isa = PBXTargetDependency;
			target = 034299AA1A89AA45006AA4C3 /* yelp */;
			targetProxy = 034299C11A89AA45006AA4C3 /* PBXContainerItemProxy */;
		};
/* End PBXTargetDependency section */

/* Begin PBXVariantGroup section */
		034299B41A89AA45006AA4C3 /* Main.storyboard */ = {
			isa = PBXVariantGroup;
			children = (
				034299B51A89AA45006AA4C3 /* Base */,
			);
			name = Main.storyboard;
			sourceTree = "<group>";
		};
		034299B91A89AA45006AA4C3 /* LaunchScreen.xib */ = {
			isa = PBXVariantGroup;
			children = (
				034299BA1A89AA45006AA4C3 /* Base */,
			);
			name = LaunchScreen.xib;
			sourceTree = "<group>";
		};
/* End PBXVariantGroup section */

/* Begin XCBuildConfiguration section */
		034299C81A89AA45006AA4C3 /* Debug */ = {
			isa = XCBuildConfiguration;
			buildSettings = {
				ALWAYS_SEARCH_USER_PATHS = NO;
				CLANG_CXX_LANGUAGE_STANDARD = "gnu++0x";
				CLANG_CXX_LIBRARY = "libc++";
				CLANG_ENABLE_MODULES = YES;
				CLANG_ENABLE_OBJC_ARC = YES;
				CLANG_WARN_BOOL_CONVERSION = YES;
				CLANG_WARN_CONSTANT_CONVERSION = YES;
				CLANG_WARN_DIRECT_OBJC_ISA_USAGE = YES_ERROR;
				CLANG_WARN_EMPTY_BODY = YES;
				CLANG_WARN_ENUM_CONVERSION = YES;
				CLANG_WARN_INT_CONVERSION = YES;
				CLANG_WARN_OBJC_ROOT_CLASS = YES_ERROR;
				CLANG_WARN_UNREACHABLE_CODE = YES;
				CLANG_WARN__DUPLICATE_METHOD_MATCH = YES;
				"CODE_SIGN_IDENTITY[sdk=iphoneos*]" = "iPhone Developer";
				COPY_PHASE_STRIP = NO;
				ENABLE_STRICT_OBJC_MSGSEND = YES;
				GCC_C_LANGUAGE_STANDARD = gnu99;
				GCC_DYNAMIC_NO_PIC = NO;
				GCC_OPTIMIZATION_LEVEL = 0;
				GCC_PREPROCESSOR_DEFINITIONS = (
					"DEBUG=1",
					"$(inherited)",
				);
				GCC_SYMBOLS_PRIVATE_EXTERN = NO;
				GCC_WARN_64_TO_32_BIT_CONVERSION = YES;
				GCC_WARN_ABOUT_RETURN_TYPE = YES_ERROR;
				GCC_WARN_UNDECLARED_SELECTOR = YES;
				GCC_WARN_UNINITIALIZED_AUTOS = YES_AGGRESSIVE;
				GCC_WARN_UNUSED_FUNCTION = YES;
				GCC_WARN_UNUSED_VARIABLE = YES;
				IPHONEOS_DEPLOYMENT_TARGET = 8.1;
				MTL_ENABLE_DEBUG_INFO = YES;
				ONLY_ACTIVE_ARCH = YES;
				SDKROOT = iphoneos;
				SWIFT_OPTIMIZATION_LEVEL = "-Onone";
			};
			name = Debug;
		};
		034299C91A89AA45006AA4C3 /* Release */ = {
			isa = XCBuildConfiguration;
			buildSettings = {
				ALWAYS_SEARCH_USER_PATHS = NO;
				CLANG_CXX_LANGUAGE_STANDARD = "gnu++0x";
				CLANG_CXX_LIBRARY = "libc++";
				CLANG_ENABLE_MODULES = YES;
				CLANG_ENABLE_OBJC_ARC = YES;
				CLANG_WARN_BOOL_CONVERSION = YES;
				CLANG_WARN_CONSTANT_CONVERSION = YES;
				CLANG_WARN_DIRECT_OBJC_ISA_USAGE = YES_ERROR;
				CLANG_WARN_EMPTY_BODY = YES;
				CLANG_WARN_ENUM_CONVERSION = YES;
				CLANG_WARN_INT_CONVERSION = YES;
				CLANG_WARN_OBJC_ROOT_CLASS = YES_ERROR;
				CLANG_WARN_UNREACHABLE_CODE = YES;
				CLANG_WARN__DUPLICATE_METHOD_MATCH = YES;
				"CODE_SIGN_IDENTITY[sdk=iphoneos*]" = "iPhone Developer";
				COPY_PHASE_STRIP = YES;
				ENABLE_NS_ASSERTIONS = NO;
				ENABLE_STRICT_OBJC_MSGSEND = YES;
				GCC_C_LANGUAGE_STANDARD = gnu99;
				GCC_WARN_64_TO_32_BIT_CONVERSION = YES;
				GCC_WARN_ABOUT_RETURN_TYPE = YES_ERROR;
				GCC_WARN_UNDECLARED_SELECTOR = YES;
				GCC_WARN_UNINITIALIZED_AUTOS = YES_AGGRESSIVE;
				GCC_WARN_UNUSED_FUNCTION = YES;
				GCC_WARN_UNUSED_VARIABLE = YES;
				IPHONEOS_DEPLOYMENT_TARGET = 8.1;
				MTL_ENABLE_DEBUG_INFO = NO;
				SDKROOT = iphoneos;
				VALIDATE_PRODUCT = YES;
			};
			name = Release;
		};
		034299CB1A89AA45006AA4C3 /* Debug */ = {
			isa = XCBuildConfiguration;
			baseConfigurationReference = 211F0B7D76A021566BECA848 /* Pods-yelp.debug.xcconfig */;
			buildSettings = {
				ASSETCATALOG_COMPILER_APPICON_NAME = AppIcon;
				CLANG_ENABLE_MODULES = YES;
				INFOPLIST_FILE = yelp/Info.plist;
				LD_RUNPATH_SEARCH_PATHS = "$(inherited) @executable_path/Frameworks";
				PRODUCT_NAME = "$(TARGET_NAME)";
				SWIFT_OBJC_BRIDGING_HEADER = "yelp/yelp-Bridging-Header.h";
				SWIFT_OPTIMIZATION_LEVEL = "-Onone";
			};
			name = Debug;
		};
		034299CC1A89AA45006AA4C3 /* Release */ = {
			isa = XCBuildConfiguration;
			baseConfigurationReference = E00D7DB247F4D3B6B04B3B76 /* Pods-yelp.release.xcconfig */;
			buildSettings = {
				ASSETCATALOG_COMPILER_APPICON_NAME = AppIcon;
				CLANG_ENABLE_MODULES = YES;
				INFOPLIST_FILE = yelp/Info.plist;
				LD_RUNPATH_SEARCH_PATHS = "$(inherited) @executable_path/Frameworks";
				PRODUCT_NAME = "$(TARGET_NAME)";
				SWIFT_OBJC_BRIDGING_HEADER = "yelp/yelp-Bridging-Header.h";
			};
			name = Release;
		};
		034299CE1A89AA45006AA4C3 /* Debug */ = {
			isa = XCBuildConfiguration;
			buildSettings = {
				BUNDLE_LOADER = "$(TEST_HOST)";
				FRAMEWORK_SEARCH_PATHS = (
					"$(SDKROOT)/Developer/Library/Frameworks",
					"$(inherited)",
				);
				GCC_PREPROCESSOR_DEFINITIONS = (
					"DEBUG=1",
					"$(inherited)",
				);
				INFOPLIST_FILE = yelpTests/Info.plist;
				LD_RUNPATH_SEARCH_PATHS = "$(inherited) @executable_path/Frameworks @loader_path/Frameworks";
				PRODUCT_NAME = "$(TARGET_NAME)";
				TEST_HOST = "$(BUILT_PRODUCTS_DIR)/yelp.app/yelp";
			};
			name = Debug;
		};
		034299CF1A89AA45006AA4C3 /* Release */ = {
			isa = XCBuildConfiguration;
			buildSettings = {
				BUNDLE_LOADER = "$(TEST_HOST)";
				FRAMEWORK_SEARCH_PATHS = (
					"$(SDKROOT)/Developer/Library/Frameworks",
					"$(inherited)",
				);
				INFOPLIST_FILE = yelpTests/Info.plist;
				LD_RUNPATH_SEARCH_PATHS = "$(inherited) @executable_path/Frameworks @loader_path/Frameworks";
				PRODUCT_NAME = "$(TARGET_NAME)";
				TEST_HOST = "$(BUILT_PRODUCTS_DIR)/yelp.app/yelp";
			};
			name = Release;
		};
/* End XCBuildConfiguration section */

/* Begin XCConfigurationList section */
		034299A61A89AA45006AA4C3 /* Build configuration list for PBXProject "yelp" */ = {
			isa = XCConfigurationList;
			buildConfigurations = (
				034299C81A89AA45006AA4C3 /* Debug */,
				034299C91A89AA45006AA4C3 /* Release */,
			);
			defaultConfigurationIsVisible = 0;
			defaultConfigurationName = Release;
		};
		034299CA1A89AA45006AA4C3 /* Build configuration list for PBXNativeTarget "yelp" */ = {
			isa = XCConfigurationList;
			buildConfigurations = (
				034299CB1A89AA45006AA4C3 /* Debug */,
				034299CC1A89AA45006AA4C3 /* Release */,
			);
			defaultConfigurationIsVisible = 0;
			defaultConfigurationName = Release;
		};
		034299CD1A89AA45006AA4C3 /* Build configuration list for PBXNativeTarget "yelpTests" */ = {
			isa = XCConfigurationList;
			buildConfigurations = (
				034299CE1A89AA45006AA4C3 /* Debug */,
				034299CF1A89AA45006AA4C3 /* Release */,
			);
			defaultConfigurationIsVisible = 0;
			defaultConfigurationName = Release;
		};
/* End XCConfigurationList section */
	};
	rootObject = 034299A31A89AA45006AA4C3 /* Project object */;
}
